
Microsoft Visual Studio Solution File, Format Version 12.00
# Visual Studio 15
VisualStudioVersion = 15.0.27428.2015
MinimumVisualStudioVersion = 10.0.40219.1
Project("{FAE04EC0-301F-11D3-BF4B-00C04F79EFBC}") = "SolidTest", "SolidTest\SolidTest.csproj", "{7E90839B-3293-4FD5-814B-9363A1A88C0F}"
EndProject
Global
	GlobalSection(SolutionConfigurationPlatforms) = preSolution
		Debug|Any CPU = Debug|Any CPU
		Release|Any CPU = Release|Any CPU
	EndGlobalSection
	GlobalSection(ProjectConfigurationPlatforms) = postSolution
		{7E90839B-3293-4FD5-814B-9363A1A88C0F}.Debug|Any CPU.ActiveCfg = Debug|Any CPU
		{7E90839B-3293-4FD5-814B-9363A1A88C0F}.Debug|Any CPU.Build.0 = Debug|Any CPU
		{7E90839B-3293-4FD5-814B-9363A1A88C0F}.Release|Any CPU.ActiveCfg = Release|Any CPU
		{7E90839B-3293-4FD5-814B-9363A1A88C0F}.Release|Any CPU.Build.0 = Release|Any CPU
	EndGlobalSection
	GlobalSection(SolutionProperties) = preSolution
		HideSolutionNode = FALSE
	EndGlobalSection
	GlobalSection(ExtensibilityGlobals) = postSolution
		SolutionGuid = {D0AFFE88-05AF-4755-AD74-89DB19318EA0}
	EndGlobalSection
EndGlobal
